Microsoft Visual Studio Solution File, Format Version 11.00
# Visual Studio 2010
Project("{FAE04EC0-301F-11D3-BF4B-00C04F79EFBC}") = "MBF", "MBF\MBF.csproj", "{3FFD90DB-7A15-4F80-B1D1-12A3B050BE8A}"
EndProject
Project("{FAE04EC0-301F-11D3-BF4B-00C04F79EFBC}") = "MBF.Test", "MBF.Test\MBF.Test.csproj", "{4FEF570F-A4BC-47E2-A2B5-2F372D55C6F1}"
EndProject
Project("{FAE04EC0-301F-11D3-BF4B-00C04F79EFBC}") = "MBF.TestAutomation", "MBF.TestAutomation\MBF.TestAutomation.csproj", "{5A607023-A649-4555-B86C-5171F86BF828}"
EndProject
Project("{FAE04EC0-301F-11D3-BF4B-00C04F79EFBC}") = "MBF.WebServiceHandlers", "MBF.WebServiceHandlers\MBF.WebServiceHandlers.csproj", "{075F8CAF-EA4E-4765-9D41-8DDC58EDE03B}"
EndProject
Project("{FAE04EC0-301F-11D3-BF4B-00C04F79EFBC}") = "MBF.PaDeNA", "MBF.PaDeNA\MBF.PaDeNA.csproj", "{09FB9316-CC67-4429-8151-1DC7373BD848}"
EndProject
Project("{2150E333-8FDC-42A3-9474-1A3956D46DE8}") = "Python", "Python", "{4C18E62C-D90F-46A1-8C4B-52C52A6E302D}"
	ProjectSection(SolutionItems) = preProject
		Samples\Python\MBFDebug.py = Samples\Python\MBFDebug.py
		Samples\Python\MBFDemo.py = Samples\Python\MBFDemo.py
		Samples\Python\MBFMenu.py = Samples\Python\MBFMenu.py
	EndProjectSection
EndProject
Project("{911E67C6-3D85-4FCE-B560-20A9C3E3FF48}") = "ipy", "..\public\ext\IronPython\2.0.1\ipy.exe", "{F855BF1B-2748-4AE4-9E13-C7C5A50E03F4}"
EndProject
Project("{2150E333-8FDC-42A3-9474-1A3956D46DE8}") = "MBFIronPython", "MBFIronPython", "{FFD434E9-EECD-4957-A5BF-67E63D7B1F3C}"
	ProjectSection(SolutionItems) = preProject
		Samples\Python\MBFIronPython\__init__.py = Samples\Python\MBFIronPython\__init__.py
		Samples\Python\MBFIronPython\Algorithms.py = Samples\Python\MBFIronPython\Algorithms.py
		Samples\Python\MBFIronPython\IO.py = Samples\Python\MBFIronPython\IO.py
		Samples\Python\MBFIronPython\ListOr.py = Samples\Python\MBFIronPython\ListOr.py
		Samples\Python\MBFIronPython\MBFDemo.py = Samples\Python\MBFIronPython\MBFDemo.py
		Samples\Python\MBFIronPython\SequenceManipulationApplications.py = Samples\Python\MBFIronPython\SequenceManipulationApplications.py
		Samples\Python\MBFIronPython\Util.py = Samples\Python\MBFIronPython\Util.py
		Samples\Python\MBFIronPython\Web.py = Samples\Python\MBFIronPython\Web.py
	EndProjectSection
EndProject
Project("{FAE04EC0-301F-11D3-BF4B-00C04F79EFBC}") = "MBF.Workflow", "Samples\MBF.Workflow\MBF.Workflow.csproj", "{C3C499B6-01C6-4118-8C45-9857A27FA466}"
EndProject
Project("{FAE04EC0-301F-11D3-BF4B-00C04F79EFBC}") = "MBF.Pamsam", "Samples\MBF.PAMSAM\MBF.Pamsam.csproj", "{BF5B2B2A-01AD-42C1-BB24-A3B4E63399D2}"
EndProject
Project("{FAE04EC0-301F-11D3-BF4B-00C04F79EFBC}") = "MBF.Pamsam.Test", "Samples\MBF.PAMSAM.Test\MBF.Pamsam.Test.csproj", "{65EEB3EB-34D8-46C3-ADB7-CC7781762AF9}"
EndProject
Project("{FAE04EC0-301F-11D3-BF4B-00C04F79EFBC}") = "ReadGenerator", "Samples\ReadGenerator\ReadGenerator.csproj", "{1CEA873B-6050-42C9-845F-13B694504BCA}"
EndProject
Project("{FAE04EC0-301F-11D3-BF4B-00C04F79EFBC}") = "SAMUtils.Test", "Samples\SAMUtils.Test\SAMUtils.Test.csproj", "{CFC49C21-EC5D-457A-AD7B-6326EFDF3938}"
EndProject
Project("{FAE04EC0-301F-11D3-BF4B-00C04F79EFBC}") = "SAMUtils", "Samples\SAMUtils\SAMUtils.csproj", "{438E5AEB-2B46-491A-9173-A46780DFC282}"
EndProject
Project("{2150E333-8FDC-42A3-9474-1A3956D46DE8}") = "Data", "Data", "{3874DCCF-58CB-4B1B-A0CE-60C933D9EFA8}"
	ProjectSection(SolutionItems) = preProject
		Samples\Python\Data\Small_Size.gbk = Samples\Python\Data\Small_Size.gbk
	EndProjectSection
EndProject
Global
	GlobalSection(TeamFoundationVersionControl) = preSolution
		SccNumberOfProjects = 11
		SccEnterpriseProvider = {4CA58AB2-18FA-4F8D-95D4-32DDF27D184C}
		SccTeamFoundationServer = https://tfs04.codeplex.com/
		SccProjectUniqueName0 = MBF\\MBF.csproj
		SccProjectName0 = MBF
		SccAuxPath0 = https://tfs04.codeplex.com
		SccLocalPath0 = MBF
		SccProvider0 = {4CA58AB2-18FA-4F8D-95D4-32DDF27D184C}
		SccProjectUniqueName1 = MBF.Test\\MBF.Test.csproj
		SccProjectName1 = MBF.Test
		SccAuxPath1 = https://tfs04.codeplex.com
		SccLocalPath1 = MBF.Test
		SccProvider1 = {4CA58AB2-18FA-4F8D-95D4-32DDF27D184C}
		SccProjectUniqueName2 = MBF.TestAutomation\\MBF.TestAutomation.csproj
		SccProjectName2 = MBF.TestAutomation
		SccAuxPath2 = https://tfs04.codeplex.com
		SccLocalPath2 = MBF.TestAutomation
		SccProvider2 = {4CA58AB2-18FA-4F8D-95D4-32DDF27D184C}
		SccProjectUniqueName3 = MBF.WebServiceHandlers\\MBF.WebServiceHandlers.csproj
		SccProjectName3 = MBF.WebServiceHandlers
		SccAuxPath3 = https://tfs04.codeplex.com
		SccLocalPath3 = MBF.WebServiceHandlers
		SccProvider3 = {4CA58AB2-18FA-4F8D-95D4-32DDF27D184C}
		SccProjectUniqueName4 = MBF.PaDeNA\\MBF.PaDeNA.csproj
		SccProjectName4 = MBF.PaDeNA
		SccAuxPath4 = https://tfs04.codeplex.com
		SccLocalPath4 = MBF.PaDeNA
		SccProvider4 = {4CA58AB2-18FA-4F8D-95D4-32DDF27D184C}
		SccProjectUniqueName5 = Samples\\MBF.Workflow\\MBF.Workflow.csproj
		SccProjectName5 = Samples/MBF.Workflow
		SccAuxPath5 = https://tfs04.codeplex.com
		SccLocalPath5 = Samples\\MBF.Workflow
		SccProvider5 = {4CA58AB2-18FA-4F8D-95D4-32DDF27D184C}
		SccProjectUniqueName6 = Samples\\MBF.PAMSAM\\MBF.Pamsam.csproj
		SccProjectName6 = Samples/MBF.PAMSAM
		SccAuxPath6 = https://tfs04.codeplex.com
		SccLocalPath6 = Samples\\MBF.PAMSAM
		SccProvider6 = {4CA58AB2-18FA-4F8D-95D4-32DDF27D184C}
		SccProjectUniqueName7 = Samples\\MBF.PAMSAM.Test\\MBF.Pamsam.Test.csproj
		SccProjectName7 = Samples/MBF.PAMSAM.Test
		SccAuxPath7 = https://tfs04.codeplex.com
		SccLocalPath7 = Samples\\MBF.PAMSAM.Test
		SccProvider7 = {4CA58AB2-18FA-4F8D-95D4-32DDF27D184C}
		SccProjectUniqueName8 = Samples\\ReadGenerator\\ReadGenerator.csproj
		SccProjectName8 = Samples/ReadGenerator
		SccAuxPath8 = https://tfs04.codeplex.com
		SccLocalPath8 = Samples\\ReadGenerator
		SccProvider8 = {4CA58AB2-18FA-4F8D-95D4-32DDF27D184C}
		SccProjectUniqueName9 = Samples\\SAMUtils.Test\\SAMUtils.Test.csproj
		SccProjectName9 = Samples/SAMUtils.Test
		SccAuxPath9 = https://tfs04.codeplex.com
		SccLocalPath9 = Samples\\SAMUtils.Test
		SccProvider9 = {4CA58AB2-18FA-4F8D-95D4-32DDF27D184C}
		SccProjectUniqueName10 = Samples\\SAMUtils\\SAMUtils.csproj
		SccProjectName10 = Samples/SAMUtils
		SccAuxPath10 = https://tfs04.codeplex.com
		SccLocalPath10 = Samples\\SAMUtils
		SccProvider10 = {4CA58AB2-18FA-4F8D-95D4-32DDF27D184C}
	EndGlobalSection
	GlobalSection(SolutionConfigurationPlatforms) = preSolution
		Debug|Any CPU = Debug|Any CPU
		Release|Any CPU = Release|Any CPU
	EndGlobalSection
	GlobalSection(ProjectConfigurationPlatforms) = postSolution
		{3FFD90DB-7A15-4F80-B1D1-12A3B050BE8A}.Debug|Any CPU.ActiveCfg = Debug|Any CPU
		{3FFD90DB-7A15-4F80-B1D1-12A3B050BE8A}.Debug|Any CPU.Build.0 = Debug|Any CPU
		{3FFD90DB-7A15-4F80-B1D1-12A3B050BE8A}.Release|Any CPU.ActiveCfg = Release|Any CPU
		{3FFD90DB-7A15-4F80-B1D1-12A3B050BE8A}.Release|Any CPU.Build.0 = Release|Any CPU
		{4FEF570F-A4BC-47E2-A2B5-2F372D55C6F1}.Debug|Any CPU.ActiveCfg = Debug|Any CPU
		{4FEF570F-A4BC-47E2-A2B5-2F372D55C6F1}.Debug|Any CPU.Build.0 = Debug|Any CPU
		{4FEF570F-A4BC-47E2-A2B5-2F372D55C6F1}.Release|Any CPU.ActiveCfg = Release|Any CPU
		{4FEF570F-A4BC-47E2-A2B5-2F372D55C6F1}.Release|Any CPU.Build.0 = Release|Any CPU
		{5A607023-A649-4555-B86C-5171F86BF828}.Debug|Any CPU.ActiveCfg = Debug|Any CPU
		{5A607023-A649-4555-B86C-5171F86BF828}.Debug|Any CPU.Build.0 = Debug|Any CPU
		{5A607023-A649-4555-B86C-5171F86BF828}.Release|Any CPU.ActiveCfg = Release|Any CPU
		{5A607023-A649-4555-B86C-5171F86BF828}.Release|Any CPU.Build.0 = Release|Any CPU
		{075F8CAF-EA4E-4765-9D41-8DDC58EDE03B}.Debug|Any CPU.ActiveCfg = Debug|Any CPU
		{075F8CAF-EA4E-4765-9D41-8DDC58EDE03B}.Debug|Any CPU.Build.0 = Debug|Any CPU
		{075F8CAF-EA4E-4765-9D41-8DDC58EDE03B}.Release|Any CPU.ActiveCfg = Release|Any CPU
		{075F8CAF-EA4E-4765-9D41-8DDC58EDE03B}.Release|Any CPU.Build.0 = Release|Any CPU
		{09FB9316-CC67-4429-8151-1DC7373BD848}.Debug|Any CPU.ActiveCfg = Debug|Any CPU
		{09FB9316-CC67-4429-8151-1DC7373BD848}.Debug|Any CPU.Build.0 = Debug|Any CPU
		{09FB9316-CC67-4429-8151-1DC7373BD848}.Release|Any CPU.ActiveCfg = Release|Any CPU
		{09FB9316-CC67-4429-8151-1DC7373BD848}.Release|Any CPU.Build.0 = Release|Any CPU
		{F855BF1B-2748-4AE4-9E13-C7C5A50E03F4}.Debug|Any CPU.ActiveCfg = Debug
		{F855BF1B-2748-4AE4-9E13-C7C5A50E03F4}.Release|Any CPU.ActiveCfg = Debug
		{C3C499B6-01C6-4118-8C45-9857A27FA466}.Debug|Any CPU.ActiveCfg = Debug|Any CPU
		{C3C499B6-01C6-4118-8C45-9857A27FA466}.Debug|Any CPU.Build.0 = Debug|Any CPU
		{C3C499B6-01C6-4118-8C45-9857A27FA466}.Release|Any CPU.ActiveCfg = Release|Any CPU
		{C3C499B6-01C6-4118-8C45-9857A27FA466}.Release|Any CPU.Build.0 = Release|Any CPU
		{BF5B2B2A-01AD-42C1-BB24-A3B4E63399D2}.Debug|Any CPU.ActiveCfg = Debug|Any CPU
		{BF5B2B2A-01AD-42C1-BB24-A3B4E63399D2}.Debug|Any CPU.Build.0 = Debug|Any CPU
		{BF5B2B2A-01AD-42C1-BB24-A3B4E63399D2}.Release|Any CPU.ActiveCfg = Release|Any CPU
		{BF5B2B2A-01AD-42C1-BB24-A3B4E63399D2}.Release|Any CPU.Build.0 = Release|Any CPU
		{65EEB3EB-34D8-46C3-ADB7-CC7781762AF9}.Debug|Any CPU.ActiveCfg = Debug|Any CPU
		{65EEB3EB-34D8-46C3-ADB7-CC7781762AF9}.Debug|Any CPU.Build.0 = Debug|Any CPU
		{65EEB3EB-34D8-46C3-ADB7-CC7781762AF9}.Release|Any CPU.ActiveCfg = Release|Any CPU
		{65EEB3EB-34D8-46C3-ADB7-CC7781762AF9}.Release|Any CPU.Build.0 = Release|Any CPU
		{1CEA873B-6050-42C9-845F-13B694504BCA}.Debug|Any CPU.ActiveCfg = Debug|Any CPU
		{1CEA873B-6050-42C9-845F-13B694504BCA}.Debug|Any CPU.Build.0 = Debug|Any CPU
		{1CEA873B-6050-42C9-845F-13B694504BCA}.Release|Any CPU.ActiveCfg = Release|Any CPU
		{1CEA873B-6050-42C9-845F-13B694504BCA}.Release|Any CPU.Build.0 = Release|Any CPU
		{CFC49C21-EC5D-457A-AD7B-6326EFDF3938}.Debug|Any CPU.ActiveCfg = Debug|Any CPU
		{CFC49C21-EC5D-457A-AD7B-6326EFDF3938}.Debug|Any CPU.Build.0 = Debug|Any CPU
		{CFC49C21-EC5D-457A-AD7B-6326EFDF3938}.Release|Any CPU.ActiveCfg = Release|Any CPU
		{CFC49C21-EC5D-457A-AD7B-6326EFDF3938}.Release|Any CPU.Build.0 = Release|Any CPU
		{438E5AEB-2B46-491A-9173-A46780DFC282}.Debug|Any CPU.ActiveCfg = Debug|Any CPU
		{438E5AEB-2B46-491A-9173-A46780DFC282}.Debug|Any CPU.Build.0 = Debug|Any CPU
		{438E5AEB-2B46-491A-9173-A46780DFC282}.Release|Any CPU.ActiveCfg = Release|Any CPU
		{438E5AEB-2B46-491A-9173-A46780DFC282}.Release|Any CPU.Build.0 = Release|Any CPU
	EndGlobalSection
	GlobalSection(SolutionProperties) = preSolution
		HideSolutionNode = FALSE
	EndGlobalSection
	GlobalSection(NestedProjects) = preSolution
		{FFD434E9-EECD-4957-A5BF-67E63D7B1F3C} = {4C18E62C-D90F-46A1-8C4B-52C52A6E302D}
		{3874DCCF-58CB-4B1B-A0CE-60C933D9EFA8} = {4C18E62C-D90F-46A1-8C4B-52C52A6E302D}
	EndGlobalSection
EndGlobal
